
Microsoft Visual Studio Solution File, Format Version 12.00
# Visual Studio Version 17
VisualStudioVersion = 17.4.33213.308
MinimumVisualStudioVersion = 10.0.40219.1
Project("{9A19103F-16F7-4668-BE54-9A1E7A4F7556}") = "WebAppGroup1", "WebAppGroup1\WebAppGroup1.csproj", "{74299DBB-4B69-42F6-9BCE-FD45A9473EDE}"
EndProject
Project("{FAE04EC0-301F-11D3-BF4B-00C04F79EFBC}") = "WebAppTests", "TrackersControllerTests\WebAppTests.csproj", "{F54665C6-7451-46A4-9E20-CD5CCEB242B0}"
EndProject
Global
	GlobalSection(SolutionConfigurationPlatforms) = preSolution
		Debug|Any CPU = Debug|Any CPU
		Release|Any CPU = Release|Any CPU
	EndGlobalSection
	GlobalSection(ProjectConfigurationPlatforms) = postSolution
		{74299DBB-4B69-42F6-9BCE-FD45A9473EDE}.Debug|Any CPU.ActiveCfg = Debug|Any CPU
		{74299DBB-4B69-42F6-9BCE-FD45A9473EDE}.Debug|Any CPU.Build.0 = Debug|Any CPU
		{74299DBB-4B69-42F6-9BCE-FD45A9473EDE}.Release|Any CPU.ActiveCfg = Release|Any CPU
		{74299DBB-4B69-42F6-9BCE-FD45A9473EDE}.Release|Any CPU.Build.0 = Release|Any CPU
		{F54665C6-7451-46A4-9E20-CD5CCEB242B0}.Debug|Any CPU.ActiveCfg = Debug|Any CPU
		{F54665C6-7451-46A4-9E20-CD5CCEB242B0}.Debug|Any CPU.Build.0 = Debug|Any CPU
		{F54665C6-7451-46A4-9E20-CD5CCEB242B0}.Release|Any CPU.ActiveCfg = Release|Any CPU
		{F54665C6-7451-46A4-9E20-CD5CCEB242B0}.Release|Any CPU.Build.0 = Release|Any CPU
	EndGlobalSection
	GlobalSection(SolutionProperties) = preSolution
		HideSolutionNode = FALSE
	EndGlobalSection
	GlobalSection(ExtensibilityGlobals) = postSolution
		SolutionGuid = {8C5A4FA1-4C8B-4AC9-A880-CF82791ED3F9}
	EndGlobalSection
EndGlobal
